
Microsoft Visual Studio Solution File, Format Version 12.00
# Visual Studio Version 16
VisualStudioVersion = 16.0.29613.14
MinimumVisualStudioVersion = 10.0.40219.1
Project("{FAE04EC0-301F-11D3-BF4B-00C04F79EFBC}") = "MonumapCreator", "MonumapCreator.csproj", "{11CD8406-60A5-4898-A785-D7A72FDCBEF1}"
EndProject
Global
	GlobalSection(SolutionConfigurationPlatforms) = preSolution
		Debug|Any CPU = Debug|Any CPU
		Release|Any CPU = Release|Any CPU
	EndGlobalSection
	GlobalSection(ProjectConfigurationPlatforms) = postSolution
		{11CD8406-60A5-4898-A785-D7A72FDCBEF1}.Debug|Any CPU.ActiveCfg = Debug|Any CPU
		{11CD8406-60A5-4898-A785-D7A72FDCBEF1}.Debug|Any CPU.Build.0 = Debug|Any CPU
		{11CD8406-60A5-4898-A785-D7A72FDCBEF1}.Release|Any CPU.ActiveCfg = Release|Any CPU
		{11CD8406-60A5-4898-A785-D7A72FDCBEF1}.Release|Any CPU.Build.0 = Release|Any CPU
	EndGlobalSection
	GlobalSection(SolutionProperties) = preSolution
		HideSolutionNode = FALSE
	EndGlobalSection
	GlobalSection(ExtensibilityGlobals) = postSolution
		SolutionGuid = {B15C86E5-42E2-464D-8A51-B39987606B94}
	EndGlobalSection
EndGlobal
